
Microsoft Visual Studio Solution File, Format Version 12.00
# Visual Studio Version 17
VisualStudioVersion = 17.11.35312.102
MinimumVisualStudioVersion = 10.0.40219.1
Project("{FAE04EC0-301F-11D3-BF4B-00C04F79EFBC}") = "LagerKapazität", "LagerKapazität.csproj", "{75F0F343-394E-43F8-AD8B-D0DDF7F700D0}"
EndProject
Project("{FAE04EC0-301F-11D3-BF4B-00C04F79EFBC}") = "LagerTests", "..\LagerTests\LagerTests.csproj", "{FE92B0DA-66F4-4758-88FD-8CF0FD393A0C}"
EndProject
Global
	GlobalSection(SolutionConfigurationPlatforms) = preSolution
		Debug|Any CPU = Debug|Any CPU
		Release|Any CPU = Release|Any CPU
	EndGlobalSection
	GlobalSection(ProjectConfigurationPlatforms) = postSolution
		{75F0F343-394E-43F8-AD8B-D0DDF7F700D0}.Debug|Any CPU.ActiveCfg = Debug|Any CPU
		{75F0F343-394E-43F8-AD8B-D0DDF7F700D0}.Debug|Any CPU.Build.0 = Debug|Any CPU
		{75F0F343-394E-43F8-AD8B-D0DDF7F700D0}.Release|Any CPU.ActiveCfg = Release|Any CPU
		{75F0F343-394E-43F8-AD8B-D0DDF7F700D0}.Release|Any CPU.Build.0 = Release|Any CPU
		{FE92B0DA-66F4-4758-88FD-8CF0FD393A0C}.Debug|Any CPU.ActiveCfg = Debug|Any CPU
		{FE92B0DA-66F4-4758-88FD-8CF0FD393A0C}.Debug|Any CPU.Build.0 = Debug|Any CPU
		{FE92B0DA-66F4-4758-88FD-8CF0FD393A0C}.Release|Any CPU.ActiveCfg = Release|Any CPU
		{FE92B0DA-66F4-4758-88FD-8CF0FD393A0C}.Release|Any CPU.Build.0 = Release|Any CPU
	EndGlobalSection
	GlobalSection(SolutionProperties) = preSolution
		HideSolutionNode = FALSE
	EndGlobalSection
	GlobalSection(ExtensibilityGlobals) = postSolution
		SolutionGuid = {CD0F1B83-7FBA-4018-BC60-391EA9A409B3}
	EndGlobalSection
EndGlobal
